
Microsoft Visual Studio Solution File, Format Version 12.00
# Visual Studio 15
Project("{FAE04EC0-301F-11D3-BF4B-00C04F79EFBC}") = "Assembly-CSharp", "Assembly-CSharp.csproj", "{AE3302BA-BF5F-F1EC-EA2E-80FD1227117B}"
EndProject
Project("{FAE04EC0-301F-11D3-BF4B-00C04F79EFBC}") = "Assembly-CSharp-Editor", "Assembly-CSharp-Editor.csproj", "{9E76D633-8E69-6C09-D90E-8C14A5B3604F}"
EndProject
Global
	GlobalSection(SolutionConfigurationPlatforms) = preSolution
		Debug|Any CPU = Debug|Any CPU
		Release|Any CPU = Release|Any CPU
	EndGlobalSection
	GlobalSection(ProjectConfigurationPlatforms) = postSolution
		{AE3302BA-BF5F-F1EC-EA2E-80FD1227117B}.Debug|Any CPU.ActiveCfg = Debug|Any CPU
		{AE3302BA-BF5F-F1EC-EA2E-80FD1227117B}.Debug|Any CPU.Build.0 = Debug|Any CPU
		{AE3302BA-BF5F-F1EC-EA2E-80FD1227117B}.Release|Any CPU.ActiveCfg = Release|Any CPU
		{AE3302BA-BF5F-F1EC-EA2E-80FD1227117B}.Release|Any CPU.Build.0 = Release|Any CPU
		{9E76D633-8E69-6C09-D90E-8C14A5B3604F}.Debug|Any CPU.ActiveCfg = Debug|Any CPU
		{9E76D633-8E69-6C09-D90E-8C14A5B3604F}.Debug|Any CPU.Build.0 = Debug|Any CPU
		{9E76D633-8E69-6C09-D90E-8C14A5B3604F}.Release|Any CPU.ActiveCfg = Release|Any CPU
		{9E76D633-8E69-6C09-D90E-8C14A5B3604F}.Release|Any CPU.Build.0 = Release|Any CPU
	EndGlobalSection
	GlobalSection(SolutionProperties) = preSolution
		HideSolutionNode = FALSE
	EndGlobalSection
EndGlobal
